
Microsoft Visual Studio Solution File, Format Version 12.00
# Visual Studio Version 17
VisualStudioVersion = 17.3.32811.315
MinimumVisualStudioVersion = 10.0.40219.1
Project("{FAE04EC0-301F-11D3-BF4B-00C04F79EFBC}") = "P01", "P01\P01.csproj", "{6FC45394-D0F0-4B2D-8DAA-E58A8FB9B54E}"
EndProject
Project("{FAE04EC0-301F-11D3-BF4B-00C04F79EFBC}") = "P02", "P02\P02.csproj", "{4FCACEF7-5BC1-4B6A-81A0-E3E49897D17C}"
EndProject
Project("{FAE04EC0-301F-11D3-BF4B-00C04F79EFBC}") = "P03", "P03\P03.csproj", "{7CF7C787-12E2-4414-958B-DD2CB1453A2E}"
EndProject
Project("{FAE04EC0-301F-11D3-BF4B-00C04F79EFBC}") = "P04", "P04\P04.csproj", "{0D1A3CF2-D4CB-465B-9D09-F1BB18D0AED3}"
EndProject
Project("{FAE04EC0-301F-11D3-BF4B-00C04F79EFBC}") = "P05", "P05\P05.csproj", "{C8E32FD6-4EE4-4606-A3A8-A463F427A635}"
EndProject
Global
	GlobalSection(SolutionConfigurationPlatforms) = preSolution
		Debug|Any CPU = Debug|Any CPU
		Release|Any CPU = Release|Any CPU
	EndGlobalSection
	GlobalSection(ProjectConfigurationPlatforms) = postSolution
		{6FC45394-D0F0-4B2D-8DAA-E58A8FB9B54E}.Debug|Any CPU.ActiveCfg = Debug|Any CPU
		{6FC45394-D0F0-4B2D-8DAA-E58A8FB9B54E}.Debug|Any CPU.Build.0 = Debug|Any CPU
		{6FC45394-D0F0-4B2D-8DAA-E58A8FB9B54E}.Release|Any CPU.ActiveCfg = Release|Any CPU
		{6FC45394-D0F0-4B2D-8DAA-E58A8FB9B54E}.Release|Any CPU.Build.0 = Release|Any CPU
		{4FCACEF7-5BC1-4B6A-81A0-E3E49897D17C}.Debug|Any CPU.ActiveCfg = Debug|Any CPU
		{4FCACEF7-5BC1-4B6A-81A0-E3E49897D17C}.Debug|Any CPU.Build.0 = Debug|Any CPU
		{4FCACEF7-5BC1-4B6A-81A0-E3E49897D17C}.Release|Any CPU.ActiveCfg = Release|Any CPU
		{4FCACEF7-5BC1-4B6A-81A0-E3E49897D17C}.Release|Any CPU.Build.0 = Release|Any CPU
		{7CF7C787-12E2-4414-958B-DD2CB1453A2E}.Debug|Any CPU.ActiveCfg = Debug|Any CPU
		{7CF7C787-12E2-4414-958B-DD2CB1453A2E}.Debug|Any CPU.Build.0 = Debug|Any CPU
		{7CF7C787-12E2-4414-958B-DD2CB1453A2E}.Release|Any CPU.ActiveCfg = Release|Any CPU
		{7CF7C787-12E2-4414-958B-DD2CB1453A2E}.Release|Any CPU.Build.0 = Release|Any CPU
		{0D1A3CF2-D4CB-465B-9D09-F1BB18D0AED3}.Debug|Any CPU.ActiveCfg = Debug|Any CPU
		{0D1A3CF2-D4CB-465B-9D09-F1BB18D0AED3}.Debug|Any CPU.Build.0 = Debug|Any CPU
		{0D1A3CF2-D4CB-465B-9D09-F1BB18D0AED3}.Release|Any CPU.ActiveCfg = Release|Any CPU
		{0D1A3CF2-D4CB-465B-9D09-F1BB18D0AED3}.Release|Any CPU.Build.0 = Release|Any CPU
		{C8E32FD6-4EE4-4606-A3A8-A463F427A635}.Debug|Any CPU.ActiveCfg = Debug|Any CPU
		{C8E32FD6-4EE4-4606-A3A8-A463F427A635}.Debug|Any CPU.Build.0 = Debug|Any CPU
		{C8E32FD6-4EE4-4606-A3A8-A463F427A635}.Release|Any CPU.ActiveCfg = Release|Any CPU
		{C8E32FD6-4EE4-4606-A3A8-A463F427A635}.Release|Any CPU.Build.0 = Release|Any CPU
	EndGlobalSection
	GlobalSection(SolutionProperties) = preSolution
		HideSolutionNode = FALSE
	EndGlobalSection
	GlobalSection(ExtensibilityGlobals) = postSolution
		SolutionGuid = {5AB52BE8-67D9-4402-861C-26519143E0CA}
	EndGlobalSection
EndGlobal
